
Microsoft Visual Studio Solution File, Format Version 12.00
# Visual Studio 15
VisualStudioVersion = 15.0.28010.2026
MinimumVisualStudioVersion = 10.0.40219.1
Project("{FAE04EC0-301F-11D3-BF4B-00C04F79EFBC}") = "Services", "Services\Services.csproj", "{D518EDFC-6632-4DDF-B61E-8AF5434C2A0D}"
EndProject
Global
	GlobalSection(SolutionConfigurationPlatforms) = preSolution
		Debug|Any CPU = Debug|Any CPU
		Release|Any CPU = Release|Any CPU
	EndGlobalSection
	GlobalSection(ProjectConfigurationPlatforms) = postSolution
		{D518EDFC-6632-4DDF-B61E-8AF5434C2A0D}.Debug|Any CPU.ActiveCfg = Debug|Any CPU
		{D518EDFC-6632-4DDF-B61E-8AF5434C2A0D}.Debug|Any CPU.Build.0 = Debug|Any CPU
		{D518EDFC-6632-4DDF-B61E-8AF5434C2A0D}.Release|Any CPU.ActiveCfg = Release|Any CPU
		{D518EDFC-6632-4DDF-B61E-8AF5434C2A0D}.Release|Any CPU.Build.0 = Release|Any CPU
	EndGlobalSection
	GlobalSection(SolutionProperties) = preSolution
		HideSolutionNode = FALSE
	EndGlobalSection
	GlobalSection(ExtensibilityGlobals) = postSolution
		SolutionGuid = {CBFFE734-2702-4F70-9EFB-E7CB63292599}
	EndGlobalSection
EndGlobal
